version = 1
revision = 3
requires-python = ">=3.10"

[[package]]
name = "getch"
version = "1.0"
source = { registry = "https://pypi.org/simple" }
sdist = { url = "https://files.pythonhosted.org/packages/cc/a4/c696c05e0ff9d05b1886cb0210101083db7d330ff964a6d7cd98ad2b2064/getch-1.0.tar.gz", hash = "sha256:a6c22717c10051ce65b8fb7bddb171af705b1175e694a73be956990f6089d8b1", size = 1302, upload-time = "2013-05-03T01:54:41.513Z" }

[[package]]
name = "joystick-control"
version = "0.1.0"
source = { virtual = "." }
dependencies = [
    { name = "getch" },
]

[package.metadata]
requires-dist = [{ name = "getch", specifier = ">=1.0" }]
